
Microsoft Visual Studio Solution File, Format Version 12.00
# Visual Studio 14
VisualStudioVersion = 14.0.25420.1
MinimumVisualStudioVersion = 10.0.40219.1
Project("{888888A0-9F3D-457C-B088-3A5042F75D52}") = "MTGBoxmaker", "MTGBoxmaker\MTGBoxmaker.pyproj", "{D733AC63-E93D-46D2-BA64-ED68570CA63F}"
EndProject
Project("{888888A0-9F3D-457C-B088-3A5042F75D52}") = "LaserManager", "PythonApplication1\LaserManager.pyproj", "{724C8754-1DA7-48EE-9DEA-FD1A5558D5A1}"
EndProject
Project("{888888A0-9F3D-457C-B088-3A5042F75D52}") = "LaserBed", "LaserBed\LaserBed.pyproj", "{D6D85F2C-AB2E-4065-B39A-100B613D8763}"
EndProject
Project("{888888A0-9F3D-457C-B088-3A5042F75D52}") = "Spaceship", "Spaceship\Spaceship.pyproj", "{A1605407-190A-4D5E-AB4A-7826D38CC766}"
EndProject
Project("{888888A0-9F3D-457C-B088-3A5042F75D52}") = "Facility", "Facility\Facility.pyproj", "{2CE7FF43-0E87-4391-A31F-99B5A86C117F}"
EndProject
Global
	GlobalSection(SolutionConfigurationPlatforms) = preSolution
		Debug|Any CPU = Debug|Any CPU
		Release|Any CPU = Release|Any CPU
	EndGlobalSection
	GlobalSection(ProjectConfigurationPlatforms) = postSolution
		{D733AC63-E93D-46D2-BA64-ED68570CA63F}.Debug|Any CPU.ActiveCfg = Debug|Any CPU
		{D733AC63-E93D-46D2-BA64-ED68570CA63F}.Release|Any CPU.ActiveCfg = Release|Any CPU
		{724C8754-1DA7-48EE-9DEA-FD1A5558D5A1}.Debug|Any CPU.ActiveCfg = Debug|Any CPU
		{724C8754-1DA7-48EE-9DEA-FD1A5558D5A1}.Release|Any CPU.ActiveCfg = Release|Any CPU
		{D6D85F2C-AB2E-4065-B39A-100B613D8763}.Debug|Any CPU.ActiveCfg = Debug|Any CPU
		{D6D85F2C-AB2E-4065-B39A-100B613D8763}.Release|Any CPU.ActiveCfg = Release|Any CPU
		{A1605407-190A-4D5E-AB4A-7826D38CC766}.Debug|Any CPU.ActiveCfg = Debug|Any CPU
		{A1605407-190A-4D5E-AB4A-7826D38CC766}.Release|Any CPU.ActiveCfg = Release|Any CPU
		{2CE7FF43-0E87-4391-A31F-99B5A86C117F}.Debug|Any CPU.ActiveCfg = Debug|Any CPU
		{2CE7FF43-0E87-4391-A31F-99B5A86C117F}.Release|Any CPU.ActiveCfg = Release|Any CPU
	EndGlobalSection
	GlobalSection(SolutionProperties) = preSolution
		HideSolutionNode = FALSE
	EndGlobalSection
EndGlobal
